
Microsoft Visual Studio Solution File, Format Version 12.00
# Visual Studio 2015
Project("{FAE04EC0-301F-11D3-BF4B-00C04F79EFBC}") = "network-full-dive.CSharp", "network-full-dive.CSharp.csproj", "{F6710E39-B23F-DD56-FF04-62D6AA00A163}"
EndProject
Global
	GlobalSection(SolutionConfigurationPlatforms) = preSolution
		Debug|Any CPU = Debug|Any CPU
		Release|Any CPU = Release|Any CPU
	EndGlobalSection
	GlobalSection(ProjectConfigurationPlatforms) = postSolution
		{F6710E39-B23F-DD56-FF04-62D6AA00A163}.Debug|Any CPU.ActiveCfg = Debug|Any CPU
		{F6710E39-B23F-DD56-FF04-62D6AA00A163}.Debug|Any CPU.Build.0 = Debug|Any CPU
		{F6710E39-B23F-DD56-FF04-62D6AA00A163}.Release|Any CPU.ActiveCfg = Release|Any CPU
		{F6710E39-B23F-DD56-FF04-62D6AA00A163}.Release|Any CPU.Build.0 = Release|Any CPU
	EndGlobalSection
	GlobalSection(SolutionProperties) = preSolution
		HideSolutionNode = FALSE
	EndGlobalSection
EndGlobal
